
Microsoft Visual Studio Solution File, Format Version 12.00
# Visual Studio Version 17
VisualStudioVersion = 17.0.31903.59
MinimumVisualStudioVersion = 10.0.40219.1
Project("{FAE04EC0-301F-11D3-BF4B-00C04F79EFBC}") = "Pinta.API", "Pinta.API\Pinta.API.csproj", "{8A3F808A-D007-4A73-94B2-506D74AFACB7}"
EndProject
Project("{FAE04EC0-301F-11D3-BF4B-00C04F79EFBC}") = "Pinta.Domain", "Pinta.Domain\Pinta.Domain.csproj", "{0EC09D12-5534-4398-B2A8-1E4EA49651A8}"
EndProject
Project("{FAE04EC0-301F-11D3-BF4B-00C04F79EFBC}") = "Pinta.DAL", "Pinta.DAL\Pinta.DAL.csproj", "{8AD4CF6F-14BB-44D2-844F-37A7EFD502C6}"
EndProject
Global
	GlobalSection(SolutionConfigurationPlatforms) = preSolution
		Debug|Any CPU = Debug|Any CPU
		Release|Any CPU = Release|Any CPU
	EndGlobalSection
	GlobalSection(SolutionProperties) = preSolution
		HideSolutionNode = FALSE
	EndGlobalSection
	GlobalSection(ProjectConfigurationPlatforms) = postSolution
		{8A3F808A-D007-4A73-94B2-506D74AFACB7}.Debug|Any CPU.ActiveCfg = Debug|Any CPU
		{8A3F808A-D007-4A73-94B2-506D74AFACB7}.Debug|Any CPU.Build.0 = Debug|Any CPU
		{8A3F808A-D007-4A73-94B2-506D74AFACB7}.Release|Any CPU.ActiveCfg = Release|Any CPU
		{8A3F808A-D007-4A73-94B2-506D74AFACB7}.Release|Any CPU.Build.0 = Release|Any CPU
		{0EC09D12-5534-4398-B2A8-1E4EA49651A8}.Debug|Any CPU.ActiveCfg = Debug|Any CPU
		{0EC09D12-5534-4398-B2A8-1E4EA49651A8}.Debug|Any CPU.Build.0 = Debug|Any CPU
		{0EC09D12-5534-4398-B2A8-1E4EA49651A8}.Release|Any CPU.ActiveCfg = Release|Any CPU
		{0EC09D12-5534-4398-B2A8-1E4EA49651A8}.Release|Any CPU.Build.0 = Release|Any CPU
		{8AD4CF6F-14BB-44D2-844F-37A7EFD502C6}.Debug|Any CPU.ActiveCfg = Debug|Any CPU
		{8AD4CF6F-14BB-44D2-844F-37A7EFD502C6}.Debug|Any CPU.Build.0 = Debug|Any CPU
		{8AD4CF6F-14BB-44D2-844F-37A7EFD502C6}.Release|Any CPU.ActiveCfg = Release|Any CPU
		{8AD4CF6F-14BB-44D2-844F-37A7EFD502C6}.Release|Any CPU.Build.0 = Release|Any CPU
	EndGlobalSection
EndGlobal
